
Microsoft Visual Studio Solution File, Format Version 12.00
# Visual Studio Version 16
VisualStudioVersion = 16.0.30406.217
MinimumVisualStudioVersion = 10.0.40219.1
Project("{FAE04EC0-301F-11D3-BF4B-00C04F79EFBC}") = "AppCalculadora.UWP", "AppCalculadora\AppCalculadora.UWP\AppCalculadora.UWP.csproj", "{FDFD1815-FF20-4901-B48A-F004855FA086}"
EndProject
Project("{FAE04EC0-301F-11D3-BF4B-00C04F79EFBC}") = "AppCalculadora.Android", "AppCalculadora\AppCalculadora.Android\AppCalculadora.Android.csproj", "{4B9AD5E6-FE5A-40EA-A8DC-1F86D10C8A5A}"
EndProject
Project("{FAE04EC0-301F-11D3-BF4B-00C04F79EFBC}") = "AppCalculadora.iOS", "AppCalculadora\AppCalculadora.iOS\AppCalculadora.iOS.csproj", "{30811DDC-2D3A-44C9-99B7-F549836F1416}"
EndProject
Project("{FAE04EC0-301F-11D3-BF4B-00C04F79EFBC}") = "AppCalculadora", "AppCalculadora\AppCalculadora\AppCalculadora.csproj", "{1D19D5AC-E613-40E9-B861-CB6325F213B1}"
EndProject
Global
	GlobalSection(SolutionConfigurationPlatforms) = preSolution
		Debug|Any CPU = Debug|Any CPU
		Debug|ARM = Debug|ARM
		Debug|iPhone = Debug|iPhone
		Debug|iPhoneSimulator = Debug|iPhoneSimulator
		Debug|x64 = Debug|x64
		Debug|x86 = Debug|x86
		Release|Any CPU = Release|Any CPU
		Release|ARM = Release|ARM
		Release|iPhone = Release|iPhone
		Release|iPhoneSimulator = Release|iPhoneSimulator
		Release|x64 = Release|x64
		Release|x86 = Release|x86
	EndGlobalSection
	GlobalSection(ProjectConfigurationPlatforms) = postSolution
		{FDFD1815-FF20-4901-B48A-F004855FA086}.Debug|Any CPU.ActiveCfg = Debug|x86
		{FDFD1815-FF20-4901-B48A-F004855FA086}.Debug|Any CPU.Build.0 = Debug|x86
		{FDFD1815-FF20-4901-B48A-F004855FA086}.Debug|Any CPU.Deploy.0 = Debug|x86
		{FDFD1815-FF20-4901-B48A-F004855FA086}.Debug|ARM.ActiveCfg = Debug|ARM
		{FDFD1815-FF20-4901-B48A-F004855FA086}.Debug|ARM.Build.0 = Debug|ARM
		{FDFD1815-FF20-4901-B48A-F004855FA086}.Debug|ARM.Deploy.0 = Debug|ARM
		{FDFD1815-FF20-4901-B48A-F004855FA086}.Debug|iPhone.ActiveCfg = Debug|x86
		{FDFD1815-FF20-4901-B48A-F004855FA086}.Debug|iPhone.Build.0 = Debug|x86
		{FDFD1815-FF20-4901-B48A-F004855FA086}.Debug|iPhone.Deploy.0 = Debug|x86
		{FDFD1815-FF20-4901-B48A-F004855FA086}.Debug|iPhoneSimulator.ActiveCfg = Debug|x86
		{FDFD1815-FF20-4901-B48A-F004855FA086}.Debug|iPhoneSimulator.Build.0 = Debug|x86
		{FDFD1815-FF20-4901-B48A-F004855FA086}.Debug|iPhoneSimulator.Deploy.0 = Debug|x86
		{FDFD1815-FF20-4901-B48A-F004855FA086}.Debug|x64.ActiveCfg = Debug|x64
		{FDFD1815-FF20-4901-B48A-F004855FA086}.Debug|x64.Build.0 = Debug|x64
		{FDFD1815-FF20-4901-B48A-F004855FA086}.Debug|x64.Deploy.0 = Debug|x64
		{FDFD1815-FF20-4901-B48A-F004855FA086}.Debug|x86.ActiveCfg = Debug|x86
		{FDFD1815-FF20-4901-B48A-F004855FA086}.Debug|x86.Build.0 = Debug|x86
		{FDFD1815-FF20-4901-B48A-F004855FA086}.Debug|x86.Deploy.0 = Debug|x86
		{FDFD1815-FF20-4901-B48A-F004855FA086}.Release|Any CPU.ActiveCfg = Release|x86
		{FDFD1815-FF20-4901-B48A-F004855FA086}.Release|Any CPU.Build.0 = Release|x86
		{FDFD1815-FF20-4901-B48A-F004855FA086}.Release|Any CPU.Deploy.0 = Release|x86
		{FDFD1815-FF20-4901-B48A-F004855FA086}.Release|ARM.ActiveCfg = Release|ARM
		{FDFD1815-FF20-4901-B48A-F004855FA086}.Release|ARM.Build.0 = Release|ARM
		{FDFD1815-FF20-4901-B48A-F004855FA086}.Release|ARM.Deploy.0 = Release|ARM
		{FDFD1815-FF20-4901-B48A-F004855FA086}.Release|iPhone.ActiveCfg = Release|x86
		{FDFD1815-FF20-4901-B48A-F004855FA086}.Release|iPhone.Build.0 = Release|x86
		{FDFD1815-FF20-4901-B48A-F004855FA086}.Release|iPhone.Deploy.0 = Release|x86
		{FDFD1815-FF20-4901-B48A-F004855FA086}.Release|iPhoneSimulator.ActiveCfg = Release|x86
		{FDFD1815-FF20-4901-B48A-F004855FA086}.Release|iPhoneSimulator.Build.0 = Release|x86
		{FDFD1815-FF20-4901-B48A-F004855FA086}.Release|iPhoneSimulator.Deploy.0 = Release|x86
		{FDFD1815-FF20-4901-B48A-F004855FA086}.Release|x64.ActiveCfg = Release|x64
		{FDFD1815-FF20-4901-B48A-F004855FA086}.Release|x64.Build.0 = Release|x64
		{FDFD1815-FF20-4901-B48A-F004855FA086}.Release|x64.Deploy.0 = Release|x64
		{FDFD1815-FF20-4901-B48A-F004855FA086}.Release|x86.ActiveCfg = Release|x86
		{FDFD1815-FF20-4901-B48A-F004855FA086}.Release|x86.Build.0 = Release|x86
		{FDFD1815-FF20-4901-B48A-F004855FA086}.Release|x86.Deploy.0 = Release|x86
		{4B9AD5E6-FE5A-40EA-A8DC-1F86D10C8A5A}.Debug|Any CPU.ActiveCfg = Debug|Any CPU
		{4B9AD5E6-FE5A-40EA-A8DC-1F86D10C8A5A}.Debug|Any CPU.Build.0 = Debug|Any CPU
		{4B9AD5E6-FE5A-40EA-A8DC-1F86D10C8A5A}.Debug|Any CPU.Deploy.0 = Debug|Any CPU
		{4B9AD5E6-FE5A-40EA-A8DC-1F86D10C8A5A}.Debug|ARM.ActiveCfg = Debug|Any CPU
		{4B9AD5E6-FE5A-40EA-A8DC-1F86D10C8A5A}.Debug|ARM.Build.0 = Debug|Any CPU
		{4B9AD5E6-FE5A-40EA-A8DC-1F86D10C8A5A}.Debug|ARM.Deploy.0 = Debug|Any CPU
		{4B9AD5E6-FE5A-40EA-A8DC-1F86D10C8A5A}.Debug|iPhone.ActiveCfg = Debug|Any CPU
		{4B9AD5E6-FE5A-40EA-A8DC-1F86D10C8A5A}.Debug|iPhone.Build.0 = Debug|Any CPU
		{4B9AD5E6-FE5A-40EA-A8DC-1F86D10C8A5A}.Debug|iPhone.Deploy.0 = Debug|Any CPU
		{4B9AD5E6-FE5A-40EA-A8DC-1F86D10C8A5A}.Debug|iPhoneSimulator.ActiveCfg = Debug|Any CPU
		{4B9AD5E6-FE5A-40EA-A8DC-1F86D10C8A5A}.Debug|iPhoneSimulator.Build.0 = Debug|Any CPU
		{4B9AD5E6-FE5A-40EA-A8DC-1F86D10C8A5A}.Debug|iPhoneSimulator.Deploy.0 = Debug|Any CPU
		{4B9AD5E6-FE5A-40EA-A8DC-1F86D10C8A5A}.Debug|x64.ActiveCfg = Debug|Any CPU
		{4B9AD5E6-FE5A-40EA-A8DC-1F86D10C8A5A}.Debug|x64.Build.0 = Debug|Any CPU
		{4B9AD5E6-FE5A-40EA-A8DC-1F86D10C8A5A}.Debug|x64.Deploy.0 = Debug|Any CPU
		{4B9AD5E6-FE5A-40EA-A8DC-1F86D10C8A5A}.Debug|x86.ActiveCfg = Debug|Any CPU
		{4B9AD5E6-FE5A-40EA-A8DC-1F86D10C8A5A}.Debug|x86.Build.0 = Debug|Any CPU
		{4B9AD5E6-FE5A-40EA-A8DC-1F86D10C8A5A}.Debug|x86.Deploy.0 = Debug|Any CPU
		{4B9AD5E6-FE5A-40EA-A8DC-1F86D10C8A5A}.Release|Any CPU.ActiveCfg = Release|Any CPU
		{4B9AD5E6-FE5A-40EA-A8DC-1F86D10C8A5A}.Release|Any CPU.Build.0 = Release|Any CPU
		{4B9AD5E6-FE5A-40EA-A8DC-1F86D10C8A5A}.Release|Any CPU.Deploy.0 = Release|Any CPU
		{4B9AD5E6-FE5A-40EA-A8DC-1F86D10C8A5A}.Release|ARM.ActiveCfg = Release|Any CPU
		{4B9AD5E6-FE5A-40EA-A8DC-1F86D10C8A5A}.Release|ARM.Build.0 = Release|Any CPU
		{4B9AD5E6-FE5A-40EA-A8DC-1F86D10C8A5A}.Release|ARM.Deploy.0 = Release|Any CPU
		{4B9AD5E6-FE5A-40EA-A8DC-1F86D10C8A5A}.Release|iPhone.ActiveCfg = Release|Any CPU
		{4B9AD5E6-FE5A-40EA-A8DC-1F86D10C8A5A}.Release|iPhone.Build.0 = Release|Any CPU
		{4B9AD5E6-FE5A-40EA-A8DC-1F86D10C8A5A}.Release|iPhone.Deploy.0 = Release|Any CPU
		{4B9AD5E6-FE5A-40EA-A8DC-1F86D10C8A5A}.Release|iPhoneSimulator.ActiveCfg = Release|Any CPU
		{4B9AD5E6-FE5A-40EA-A8DC-1F86D10C8A5A}.Release|iPhoneSimulator.Build.0 = Release|Any CPU
		{4B9AD5E6-FE5A-40EA-A8DC-1F86D10C8A5A}.Release|iPhoneSimulator.Deploy.0 = Release|Any CPU
		{4B9AD5E6-FE5A-40EA-A8DC-1F86D10C8A5A}.Release|x64.ActiveCfg = Release|Any CPU
		{4B9AD5E6-FE5A-40EA-A8DC-1F86D10C8A5A}.Release|x64.Build.0 = Release|Any CPU
		{4B9AD5E6-FE5A-40EA-A8DC-1F86D10C8A5A}.Release|x64.Deploy.0 = Release|Any CPU
		{4B9AD5E6-FE5A-40EA-A8DC-1F86D10C8A5A}.Release|x86.ActiveCfg = Release|Any CPU
		{4B9AD5E6-FE5A-40EA-A8DC-1F86D10C8A5A}.Release|x86.Build.0 = Release|Any CPU
		{4B9AD5E6-FE5A-40EA-A8DC-1F86D10C8A5A}.Release|x86.Deploy.0 = Release|Any CPU
		{30811DDC-2D3A-44C9-99B7-F549836F1416}.Debug|Any CPU.ActiveCfg = Debug|iPhone
		{30811DDC-2D3A-44C9-99B7-F549836F1416}.Debug|Any CPU.Build.0 = Debug|iPhone
		{30811DDC-2D3A-44C9-99B7-F549836F1416}.Debug|Any CPU.Deploy.0 = Debug|iPhone
		{30811DDC-2D3A-44C9-99B7-F549836F1416}.Debug|ARM.ActiveCfg = Debug|iPhone
		{30811DDC-2D3A-44C9-99B7-F549836F1416}.Debug|ARM.Build.0 = Debug|iPhone
		{30811DDC-2D3A-44C9-99B7-F549836F1416}.Debug|ARM.Deploy.0 = Debug|iPhone
		{30811DDC-2D3A-44C9-99B7-F549836F1416}.Debug|iPhone.ActiveCfg = Debug|iPhone
		{30811DDC-2D3A-44C9-99B7-F549836F1416}.Debug|iPhone.Build.0 = Debug|iPhone
		{30811DDC-2D3A-44C9-99B7-F549836F1416}.Debug|iPhone.Deploy.0 = Debug|iPhone
		{30811DDC-2D3A-44C9-99B7-F549836F1416}.Debug|iPhoneSimulator.ActiveCfg = Debug|iPhoneSimulator
		{30811DDC-2D3A-44C9-99B7-F549836F1416}.Debug|iPhoneSimulator.Build.0 = Debug|iPhoneSimulator
		{30811DDC-2D3A-44C9-99B7-F549836F1416}.Debug|iPhoneSimulator.Deploy.0 = Debug|iPhoneSimulator
		{30811DDC-2D3A-44C9-99B7-F549836F1416}.Debug|x64.ActiveCfg = Debug|iPhone
		{30811DDC-2D3A-44C9-99B7-F549836F1416}.Debug|x64.Build.0 = Debug|iPhone
		{30811DDC-2D3A-44C9-99B7-F549836F1416}.Debug|x64.Deploy.0 = Debug|iPhone
		{30811DDC-2D3A-44C9-99B7-F549836F1416}.Debug|x86.ActiveCfg = Debug|iPhone
		{30811DDC-2D3A-44C9-99B7-F549836F1416}.Debug|x86.Build.0 = Debug|iPhone
		{30811DDC-2D3A-44C9-99B7-F549836F1416}.Debug|x86.Deploy.0 = Debug|iPhone
		{30811DDC-2D3A-44C9-99B7-F549836F1416}.Release|Any CPU.ActiveCfg = Release|iPhone
		{30811DDC-2D3A-44C9-99B7-F549836F1416}.Release|Any CPU.Build.0 = Release|iPhone
		{30811DDC-2D3A-44C9-99B7-F549836F1416}.Release|Any CPU.Deploy.0 = Release|iPhone
		{30811DDC-2D3A-44C9-99B7-F549836F1416}.Release|ARM.ActiveCfg = Release|iPhone
		{30811DDC-2D3A-44C9-99B7-F549836F1416}.Release|ARM.Build.0 = Release|iPhone
		{30811DDC-2D3A-44C9-99B7-F549836F1416}.Release|ARM.Deploy.0 = Release|iPhone
		{30811DDC-2D3A-44C9-99B7-F549836F1416}.Release|iPhone.ActiveCfg = Release|iPhone
		{30811DDC-2D3A-44C9-99B7-F549836F1416}.Release|iPhone.Build.0 = Release|iPhone
		{30811DDC-2D3A-44C9-99B7-F549836F1416}.Release|iPhone.Deploy.0 = Release|iPhone
		{30811DDC-2D3A-44C9-99B7-F549836F1416}.Release|iPhoneSimulator.ActiveCfg = Release|iPhoneSimulator
		{30811DDC-2D3A-44C9-99B7-F549836F1416}.Release|iPhoneSimulator.Build.0 = Release|iPhoneSimulator
		{30811DDC-2D3A-44C9-99B7-F549836F1416}.Release|iPhoneSimulator.Deploy.0 = Release|iPhoneSimulator
		{30811DDC-2D3A-44C9-99B7-F549836F1416}.Release|x64.ActiveCfg = Release|iPhone
		{30811DDC-2D3A-44C9-99B7-F549836F1416}.Release|x64.Build.0 = Release|iPhone
		{30811DDC-2D3A-44C9-99B7-F549836F1416}.Release|x64.Deploy.0 = Release|iPhone
		{30811DDC-2D3A-44C9-99B7-F549836F1416}.Release|x86.ActiveCfg = Release|iPhone
		{30811DDC-2D3A-44C9-99B7-F549836F1416}.Release|x86.Build.0 = Release|iPhone
		{30811DDC-2D3A-44C9-99B7-F549836F1416}.Release|x86.Deploy.0 = Release|iPhone
		{1D19D5AC-E613-40E9-B861-CB6325F213B1}.Debug|Any CPU.ActiveCfg = Debug|Any CPU
		{1D19D5AC-E613-40E9-B861-CB6325F213B1}.Debug|Any CPU.Build.0 = Debug|Any CPU
		{1D19D5AC-E613-40E9-B861-CB6325F213B1}.Debug|Any CPU.Deploy.0 = Debug|Any CPU
		{1D19D5AC-E613-40E9-B861-CB6325F213B1}.Debug|ARM.ActiveCfg = Debug|Any CPU
		{1D19D5AC-E613-40E9-B861-CB6325F213B1}.Debug|ARM.Build.0 = Debug|Any CPU
		{1D19D5AC-E613-40E9-B861-CB6325F213B1}.Debug|ARM.Deploy.0 = Debug|Any CPU
		{1D19D5AC-E613-40E9-B861-CB6325F213B1}.Debug|iPhone.ActiveCfg = Debug|Any CPU
		{1D19D5AC-E613-40E9-B861-CB6325F213B1}.Debug|iPhone.Build.0 = Debug|Any CPU
		{1D19D5AC-E613-40E9-B861-CB6325F213B1}.Debug|iPhone.Deploy.0 = Debug|Any CPU
		{1D19D5AC-E613-40E9-B861-CB6325F213B1}.Debug|iPhoneSimulator.ActiveCfg = Debug|Any CPU
		{1D19D5AC-E613-40E9-B861-CB6325F213B1}.Debug|iPhoneSimulator.Build.0 = Debug|Any CPU
		{1D19D5AC-E613-40E9-B861-CB6325F213B1}.Debug|iPhoneSimulator.Deploy.0 = Debug|Any CPU
		{1D19D5AC-E613-40E9-B861-CB6325F213B1}.Debug|x64.ActiveCfg = Debug|Any CPU
		{1D19D5AC-E613-40E9-B861-CB6325F213B1}.Debug|x64.Build.0 = Debug|Any CPU
		{1D19D5AC-E613-40E9-B861-CB6325F213B1}.Debug|x64.Deploy.0 = Debug|Any CPU
		{1D19D5AC-E613-40E9-B861-CB6325F213B1}.Debug|x86.ActiveCfg = Debug|Any CPU
		{1D19D5AC-E613-40E9-B861-CB6325F213B1}.Debug|x86.Build.0 = Debug|Any CPU
		{1D19D5AC-E613-40E9-B861-CB6325F213B1}.Debug|x86.Deploy.0 = Debug|Any CPU
		{1D19D5AC-E613-40E9-B861-CB6325F213B1}.Release|Any CPU.ActiveCfg = Release|Any CPU
		{1D19D5AC-E613-40E9-B861-CB6325F213B1}.Release|Any CPU.Build.0 = Release|Any CPU
		{1D19D5AC-E613-40E9-B861-CB6325F213B1}.Release|Any CPU.Deploy.0 = Release|Any CPU
		{1D19D5AC-E613-40E9-B861-CB6325F213B1}.Release|ARM.ActiveCfg = Release|Any CPU
		{1D19D5AC-E613-40E9-B861-CB6325F213B1}.Release|ARM.Build.0 = Release|Any CPU
		{1D19D5AC-E613-40E9-B861-CB6325F213B1}.Release|ARM.Deploy.0 = Release|Any CPU
		{1D19D5AC-E613-40E9-B861-CB6325F213B1}.Release|iPhone.ActiveCfg = Release|Any CPU
		{1D19D5AC-E613-40E9-B861-CB6325F213B1}.Release|iPhone.Build.0 = Release|Any CPU
		{1D19D5AC-E613-40E9-B861-CB6325F213B1}.Release|iPhone.Deploy.0 = Release|Any CPU
		{1D19D5AC-E613-40E9-B861-CB6325F213B1}.Release|iPhoneSimulator.ActiveCfg = Release|Any CPU
		{1D19D5AC-E613-40E9-B861-CB6325F213B1}.Release|iPhoneSimulator.Build.0 = Release|Any CPU
		{1D19D5AC-E613-40E9-B861-CB6325F213B1}.Release|iPhoneSimulator.Deploy.0 = Release|Any CPU
		{1D19D5AC-E613-40E9-B861-CB6325F213B1}.Release|x64.ActiveCfg = Release|Any CPU
		{1D19D5AC-E613-40E9-B861-CB6325F213B1}.Release|x64.Build.0 = Release|Any CPU
		{1D19D5AC-E613-40E9-B861-CB6325F213B1}.Release|x64.Deploy.0 = Release|Any CPU
		{1D19D5AC-E613-40E9-B861-CB6325F213B1}.Release|x86.ActiveCfg = Release|Any CPU
		{1D19D5AC-E613-40E9-B861-CB6325F213B1}.Release|x86.Build.0 = Release|Any CPU
		{1D19D5AC-E613-40E9-B861-CB6325F213B1}.Release|x86.Deploy.0 = Release|Any CPU
	EndGlobalSection
	GlobalSection(SolutionProperties) = preSolution
		HideSolutionNode = FALSE
	EndGlobalSection
	GlobalSection(ExtensibilityGlobals) = postSolution
		SolutionGuid = {D58EAEE6-6D6A-471F-BE4C-8C29CF8F812A}
	EndGlobalSection
EndGlobal
