
Microsoft Visual Studio Solution File, Format Version 12.00
# Visual Studio Version 16
VisualStudioVersion = 16.0.30406.217
MinimumVisualStudioVersion = 10.0.40219.1
Project("{FAE04EC0-301F-11D3-BF4B-00C04F79EFBC}") = "AppItuDevelopers.UWP", "AppItuDevelopers\AppItuDevelopers.UWP\AppItuDevelopers.UWP.csproj", "{0EAC8966-4B14-4BD1-84CD-8106A0691AE1}"
EndProject
Project("{FAE04EC0-301F-11D3-BF4B-00C04F79EFBC}") = "AppItuDevelopers.Android", "AppItuDevelopers\AppItuDevelopers.Android\AppItuDevelopers.Android.csproj", "{741BE222-38D3-4CCC-8BF7-0280BC539BC9}"
EndProject
Project("{FAE04EC0-301F-11D3-BF4B-00C04F79EFBC}") = "AppItuDevelopers.iOS", "AppItuDevelopers\AppItuDevelopers.iOS\AppItuDevelopers.iOS.csproj", "{5E6DC689-AEBE-4ADF-8460-A1B1BBF3E352}"
EndProject
Project("{FAE04EC0-301F-11D3-BF4B-00C04F79EFBC}") = "AppItuDevelopers", "AppItuDevelopers\AppItuDevelopers\AppItuDevelopers.csproj", "{46A470A9-DDAF-491B-94C8-473836FBCC49}"
EndProject
Project("{FAE04EC0-301F-11D3-BF4B-00C04F79EFBC}") = "AppItuDevelopers.Domain", "AppItuDevelopers.Domain\AppItuDevelopers.Domain.csproj", "{2E063605-8594-422D-8B78-6B6B6D792A1F}"
EndProject
Global
	GlobalSection(SolutionConfigurationPlatforms) = preSolution
		Debug|Any CPU = Debug|Any CPU
		Debug|ARM = Debug|ARM
		Debug|iPhone = Debug|iPhone
		Debug|iPhoneSimulator = Debug|iPhoneSimulator
		Debug|x64 = Debug|x64
		Debug|x86 = Debug|x86
		Release|Any CPU = Release|Any CPU
		Release|ARM = Release|ARM
		Release|iPhone = Release|iPhone
		Release|iPhoneSimulator = Release|iPhoneSimulator
		Release|x64 = Release|x64
		Release|x86 = Release|x86
	EndGlobalSection
	GlobalSection(ProjectConfigurationPlatforms) = postSolution
		{0EAC8966-4B14-4BD1-84CD-8106A0691AE1}.Debug|Any CPU.ActiveCfg = Debug|x86
		{0EAC8966-4B14-4BD1-84CD-8106A0691AE1}.Debug|Any CPU.Build.0 = Debug|x86
		{0EAC8966-4B14-4BD1-84CD-8106A0691AE1}.Debug|Any CPU.Deploy.0 = Debug|x86
		{0EAC8966-4B14-4BD1-84CD-8106A0691AE1}.Debug|ARM.ActiveCfg = Debug|ARM
		{0EAC8966-4B14-4BD1-84CD-8106A0691AE1}.Debug|ARM.Build.0 = Debug|ARM
		{0EAC8966-4B14-4BD1-84CD-8106A0691AE1}.Debug|ARM.Deploy.0 = Debug|ARM
		{0EAC8966-4B14-4BD1-84CD-8106A0691AE1}.Debug|iPhone.ActiveCfg = Debug|x86
		{0EAC8966-4B14-4BD1-84CD-8106A0691AE1}.Debug|iPhone.Build.0 = Debug|x86
		{0EAC8966-4B14-4BD1-84CD-8106A0691AE1}.Debug|iPhone.Deploy.0 = Debug|x86
		{0EAC8966-4B14-4BD1-84CD-8106A0691AE1}.Debug|iPhoneSimulator.ActiveCfg = Debug|x86
		{0EAC8966-4B14-4BD1-84CD-8106A0691AE1}.Debug|iPhoneSimulator.Build.0 = Debug|x86
		{0EAC8966-4B14-4BD1-84CD-8106A0691AE1}.Debug|iPhoneSimulator.Deploy.0 = Debug|x86
		{0EAC8966-4B14-4BD1-84CD-8106A0691AE1}.Debug|x64.ActiveCfg = Debug|x64
		{0EAC8966-4B14-4BD1-84CD-8106A0691AE1}.Debug|x64.Build.0 = Debug|x64
		{0EAC8966-4B14-4BD1-84CD-8106A0691AE1}.Debug|x64.Deploy.0 = Debug|x64
		{0EAC8966-4B14-4BD1-84CD-8106A0691AE1}.Debug|x86.ActiveCfg = Debug|x86
		{0EAC8966-4B14-4BD1-84CD-8106A0691AE1}.Debug|x86.Build.0 = Debug|x86
		{0EAC8966-4B14-4BD1-84CD-8106A0691AE1}.Debug|x86.Deploy.0 = Debug|x86
		{0EAC8966-4B14-4BD1-84CD-8106A0691AE1}.Release|Any CPU.ActiveCfg = Release|x86
		{0EAC8966-4B14-4BD1-84CD-8106A0691AE1}.Release|Any CPU.Build.0 = Release|x86
		{0EAC8966-4B14-4BD1-84CD-8106A0691AE1}.Release|Any CPU.Deploy.0 = Release|x86
		{0EAC8966-4B14-4BD1-84CD-8106A0691AE1}.Release|ARM.ActiveCfg = Release|ARM
		{0EAC8966-4B14-4BD1-84CD-8106A0691AE1}.Release|ARM.Build.0 = Release|ARM
		{0EAC8966-4B14-4BD1-84CD-8106A0691AE1}.Release|ARM.Deploy.0 = Release|ARM
		{0EAC8966-4B14-4BD1-84CD-8106A0691AE1}.Release|iPhone.ActiveCfg = Release|x86
		{0EAC8966-4B14-4BD1-84CD-8106A0691AE1}.Release|iPhone.Build.0 = Release|x86
		{0EAC8966-4B14-4BD1-84CD-8106A0691AE1}.Release|iPhone.Deploy.0 = Release|x86
		{0EAC8966-4B14-4BD1-84CD-8106A0691AE1}.Release|iPhoneSimulator.ActiveCfg = Release|x86
		{0EAC8966-4B14-4BD1-84CD-8106A0691AE1}.Release|iPhoneSimulator.Build.0 = Release|x86
		{0EAC8966-4B14-4BD1-84CD-8106A0691AE1}.Release|iPhoneSimulator.Deploy.0 = Release|x86
		{0EAC8966-4B14-4BD1-84CD-8106A0691AE1}.Release|x64.ActiveCfg = Release|x64
		{0EAC8966-4B14-4BD1-84CD-8106A0691AE1}.Release|x64.Build.0 = Release|x64
		{0EAC8966-4B14-4BD1-84CD-8106A0691AE1}.Release|x64.Deploy.0 = Release|x64
		{0EAC8966-4B14-4BD1-84CD-8106A0691AE1}.Release|x86.ActiveCfg = Release|x86
		{0EAC8966-4B14-4BD1-84CD-8106A0691AE1}.Release|x86.Build.0 = Release|x86
		{0EAC8966-4B14-4BD1-84CD-8106A0691AE1}.Release|x86.Deploy.0 = Release|x86
		{741BE222-38D3-4CCC-8BF7-0280BC539BC9}.Debug|Any CPU.ActiveCfg = Debug|Any CPU
		{741BE222-38D3-4CCC-8BF7-0280BC539BC9}.Debug|Any CPU.Build.0 = Debug|Any CPU
		{741BE222-38D3-4CCC-8BF7-0280BC539BC9}.Debug|Any CPU.Deploy.0 = Debug|Any CPU
		{741BE222-38D3-4CCC-8BF7-0280BC539BC9}.Debug|ARM.ActiveCfg = Debug|Any CPU
		{741BE222-38D3-4CCC-8BF7-0280BC539BC9}.Debug|ARM.Build.0 = Debug|Any CPU
		{741BE222-38D3-4CCC-8BF7-0280BC539BC9}.Debug|ARM.Deploy.0 = Debug|Any CPU
		{741BE222-38D3-4CCC-8BF7-0280BC539BC9}.Debug|iPhone.ActiveCfg = Debug|Any CPU
		{741BE222-38D3-4CCC-8BF7-0280BC539BC9}.Debug|iPhone.Build.0 = Debug|Any CPU
		{741BE222-38D3-4CCC-8BF7-0280BC539BC9}.Debug|iPhone.Deploy.0 = Debug|Any CPU
		{741BE222-38D3-4CCC-8BF7-0280BC539BC9}.Debug|iPhoneSimulator.ActiveCfg = Debug|Any CPU
		{741BE222-38D3-4CCC-8BF7-0280BC539BC9}.Debug|iPhoneSimulator.Build.0 = Debug|Any CPU
		{741BE222-38D3-4CCC-8BF7-0280BC539BC9}.Debug|iPhoneSimulator.Deploy.0 = Debug|Any CPU
		{741BE222-38D3-4CCC-8BF7-0280BC539BC9}.Debug|x64.ActiveCfg = Debug|Any CPU
		{741BE222-38D3-4CCC-8BF7-0280BC539BC9}.Debug|x64.Build.0 = Debug|Any CPU
		{741BE222-38D3-4CCC-8BF7-0280BC539BC9}.Debug|x64.Deploy.0 = Debug|Any CPU
		{741BE222-38D3-4CCC-8BF7-0280BC539BC9}.Debug|x86.ActiveCfg = Debug|Any CPU
		{741BE222-38D3-4CCC-8BF7-0280BC539BC9}.Debug|x86.Build.0 = Debug|Any CPU
		{741BE222-38D3-4CCC-8BF7-0280BC539BC9}.Debug|x86.Deploy.0 = Debug|Any CPU
		{741BE222-38D3-4CCC-8BF7-0280BC539BC9}.Release|Any CPU.ActiveCfg = Release|Any CPU
		{741BE222-38D3-4CCC-8BF7-0280BC539BC9}.Release|Any CPU.Build.0 = Release|Any CPU
		{741BE222-38D3-4CCC-8BF7-0280BC539BC9}.Release|Any CPU.Deploy.0 = Release|Any CPU
		{741BE222-38D3-4CCC-8BF7-0280BC539BC9}.Release|ARM.ActiveCfg = Release|Any CPU
		{741BE222-38D3-4CCC-8BF7-0280BC539BC9}.Release|ARM.Build.0 = Release|Any CPU
		{741BE222-38D3-4CCC-8BF7-0280BC539BC9}.Release|ARM.Deploy.0 = Release|Any CPU
		{741BE222-38D3-4CCC-8BF7-0280BC539BC9}.Release|iPhone.ActiveCfg = Release|Any CPU
		{741BE222-38D3-4CCC-8BF7-0280BC539BC9}.Release|iPhone.Build.0 = Release|Any CPU
		{741BE222-38D3-4CCC-8BF7-0280BC539BC9}.Release|iPhone.Deploy.0 = Release|Any CPU
		{741BE222-38D3-4CCC-8BF7-0280BC539BC9}.Release|iPhoneSimulator.ActiveCfg = Release|Any CPU
		{741BE222-38D3-4CCC-8BF7-0280BC539BC9}.Release|iPhoneSimulator.Build.0 = Release|Any CPU
		{741BE222-38D3-4CCC-8BF7-0280BC539BC9}.Release|iPhoneSimulator.Deploy.0 = Release|Any CPU
		{741BE222-38D3-4CCC-8BF7-0280BC539BC9}.Release|x64.ActiveCfg = Release|Any CPU
		{741BE222-38D3-4CCC-8BF7-0280BC539BC9}.Release|x64.Build.0 = Release|Any CPU
		{741BE222-38D3-4CCC-8BF7-0280BC539BC9}.Release|x64.Deploy.0 = Release|Any CPU
		{741BE222-38D3-4CCC-8BF7-0280BC539BC9}.Release|x86.ActiveCfg = Release|Any CPU
		{741BE222-38D3-4CCC-8BF7-0280BC539BC9}.Release|x86.Build.0 = Release|Any CPU
		{741BE222-38D3-4CCC-8BF7-0280BC539BC9}.Release|x86.Deploy.0 = Release|Any CPU
		{5E6DC689-AEBE-4ADF-8460-A1B1BBF3E352}.Debug|Any CPU.ActiveCfg = Debug|iPhone
		{5E6DC689-AEBE-4ADF-8460-A1B1BBF3E352}.Debug|Any CPU.Build.0 = Debug|iPhone
		{5E6DC689-AEBE-4ADF-8460-A1B1BBF3E352}.Debug|Any CPU.Deploy.0 = Debug|iPhone
		{5E6DC689-AEBE-4ADF-8460-A1B1BBF3E352}.Debug|ARM.ActiveCfg = Debug|iPhone
		{5E6DC689-AEBE-4ADF-8460-A1B1BBF3E352}.Debug|ARM.Build.0 = Debug|iPhone
		{5E6DC689-AEBE-4ADF-8460-A1B1BBF3E352}.Debug|ARM.Deploy.0 = Debug|iPhone
		{5E6DC689-AEBE-4ADF-8460-A1B1BBF3E352}.Debug|iPhone.ActiveCfg = Debug|iPhone
		{5E6DC689-AEBE-4ADF-8460-A1B1BBF3E352}.Debug|iPhone.Build.0 = Debug|iPhone
		{5E6DC689-AEBE-4ADF-8460-A1B1BBF3E352}.Debug|iPhone.Deploy.0 = Debug|iPhone
		{5E6DC689-AEBE-4ADF-8460-A1B1BBF3E352}.Debug|iPhoneSimulator.ActiveCfg = Debug|iPhoneSimulator
		{5E6DC689-AEBE-4ADF-8460-A1B1BBF3E352}.Debug|iPhoneSimulator.Build.0 = Debug|iPhoneSimulator
		{5E6DC689-AEBE-4ADF-8460-A1B1BBF3E352}.Debug|iPhoneSimulator.Deploy.0 = Debug|iPhoneSimulator
		{5E6DC689-AEBE-4ADF-8460-A1B1BBF3E352}.Debug|x64.ActiveCfg = Debug|iPhone
		{5E6DC689-AEBE-4ADF-8460-A1B1BBF3E352}.Debug|x64.Build.0 = Debug|iPhone
		{5E6DC689-AEBE-4ADF-8460-A1B1BBF3E352}.Debug|x64.Deploy.0 = Debug|iPhone
		{5E6DC689-AEBE-4ADF-8460-A1B1BBF3E352}.Debug|x86.ActiveCfg = Debug|iPhone
		{5E6DC689-AEBE-4ADF-8460-A1B1BBF3E352}.Debug|x86.Build.0 = Debug|iPhone
		{5E6DC689-AEBE-4ADF-8460-A1B1BBF3E352}.Debug|x86.Deploy.0 = Debug|iPhone
		{5E6DC689-AEBE-4ADF-8460-A1B1BBF3E352}.Release|Any CPU.ActiveCfg = Release|iPhone
		{5E6DC689-AEBE-4ADF-8460-A1B1BBF3E352}.Release|Any CPU.Build.0 = Release|iPhone
		{5E6DC689-AEBE-4ADF-8460-A1B1BBF3E352}.Release|Any CPU.Deploy.0 = Release|iPhone
		{5E6DC689-AEBE-4ADF-8460-A1B1BBF3E352}.Release|ARM.ActiveCfg = Release|iPhone
		{5E6DC689-AEBE-4ADF-8460-A1B1BBF3E352}.Release|ARM.Build.0 = Release|iPhone
		{5E6DC689-AEBE-4ADF-8460-A1B1BBF3E352}.Release|ARM.Deploy.0 = Release|iPhone
		{5E6DC689-AEBE-4ADF-8460-A1B1BBF3E352}.Release|iPhone.ActiveCfg = Release|iPhone
		{5E6DC689-AEBE-4ADF-8460-A1B1BBF3E352}.Release|iPhone.Build.0 = Release|iPhone
		{5E6DC689-AEBE-4ADF-8460-A1B1BBF3E352}.Release|iPhone.Deploy.0 = Release|iPhone
		{5E6DC689-AEBE-4ADF-8460-A1B1BBF3E352}.Release|iPhoneSimulator.ActiveCfg = Release|iPhoneSimulator
		{5E6DC689-AEBE-4ADF-8460-A1B1BBF3E352}.Release|iPhoneSimulator.Build.0 = Release|iPhoneSimulator
		{5E6DC689-AEBE-4ADF-8460-A1B1BBF3E352}.Release|iPhoneSimulator.Deploy.0 = Release|iPhoneSimulator
		{5E6DC689-AEBE-4ADF-8460-A1B1BBF3E352}.Release|x64.ActiveCfg = Release|iPhone
		{5E6DC689-AEBE-4ADF-8460-A1B1BBF3E352}.Release|x64.Build.0 = Release|iPhone
		{5E6DC689-AEBE-4ADF-8460-A1B1BBF3E352}.Release|x64.Deploy.0 = Release|iPhone
		{5E6DC689-AEBE-4ADF-8460-A1B1BBF3E352}.Release|x86.ActiveCfg = Release|iPhone
		{5E6DC689-AEBE-4ADF-8460-A1B1BBF3E352}.Release|x86.Build.0 = Release|iPhone
		{5E6DC689-AEBE-4ADF-8460-A1B1BBF3E352}.Release|x86.Deploy.0 = Release|iPhone
		{46A470A9-DDAF-491B-94C8-473836FBCC49}.Debug|Any CPU.ActiveCfg = Debug|Any CPU
		{46A470A9-DDAF-491B-94C8-473836FBCC49}.Debug|Any CPU.Build.0 = Debug|Any CPU
		{46A470A9-DDAF-491B-94C8-473836FBCC49}.Debug|Any CPU.Deploy.0 = Debug|Any CPU
		{46A470A9-DDAF-491B-94C8-473836FBCC49}.Debug|ARM.ActiveCfg = Debug|Any CPU
		{46A470A9-DDAF-491B-94C8-473836FBCC49}.Debug|ARM.Build.0 = Debug|Any CPU
		{46A470A9-DDAF-491B-94C8-473836FBCC49}.Debug|ARM.Deploy.0 = Debug|Any CPU
		{46A470A9-DDAF-491B-94C8-473836FBCC49}.Debug|iPhone.ActiveCfg = Debug|Any CPU
		{46A470A9-DDAF-491B-94C8-473836FBCC49}.Debug|iPhone.Build.0 = Debug|Any CPU
		{46A470A9-DDAF-491B-94C8-473836FBCC49}.Debug|iPhone.Deploy.0 = Debug|Any CPU
		{46A470A9-DDAF-491B-94C8-473836FBCC49}.Debug|iPhoneSimulator.ActiveCfg = Debug|Any CPU
		{46A470A9-DDAF-491B-94C8-473836FBCC49}.Debug|iPhoneSimulator.Build.0 = Debug|Any CPU
		{46A470A9-DDAF-491B-94C8-473836FBCC49}.Debug|iPhoneSimulator.Deploy.0 = Debug|Any CPU
		{46A470A9-DDAF-491B-94C8-473836FBCC49}.Debug|x64.ActiveCfg = Debug|Any CPU
		{46A470A9-DDAF-491B-94C8-473836FBCC49}.Debug|x64.Build.0 = Debug|Any CPU
		{46A470A9-DDAF-491B-94C8-473836FBCC49}.Debug|x64.Deploy.0 = Debug|Any CPU
		{46A470A9-DDAF-491B-94C8-473836FBCC49}.Debug|x86.ActiveCfg = Debug|Any CPU
		{46A470A9-DDAF-491B-94C8-473836FBCC49}.Debug|x86.Build.0 = Debug|Any CPU
		{46A470A9-DDAF-491B-94C8-473836FBCC49}.Debug|x86.Deploy.0 = Debug|Any CPU
		{46A470A9-DDAF-491B-94C8-473836FBCC49}.Release|Any CPU.ActiveCfg = Release|Any CPU
		{46A470A9-DDAF-491B-94C8-473836FBCC49}.Release|Any CPU.Build.0 = Release|Any CPU
		{46A470A9-DDAF-491B-94C8-473836FBCC49}.Release|Any CPU.Deploy.0 = Release|Any CPU
		{46A470A9-DDAF-491B-94C8-473836FBCC49}.Release|ARM.ActiveCfg = Release|Any CPU
		{46A470A9-DDAF-491B-94C8-473836FBCC49}.Release|ARM.Build.0 = Release|Any CPU
		{46A470A9-DDAF-491B-94C8-473836FBCC49}.Release|ARM.Deploy.0 = Release|Any CPU
		{46A470A9-DDAF-491B-94C8-473836FBCC49}.Release|iPhone.ActiveCfg = Release|Any CPU
		{46A470A9-DDAF-491B-94C8-473836FBCC49}.Release|iPhone.Build.0 = Release|Any CPU
		{46A470A9-DDAF-491B-94C8-473836FBCC49}.Release|iPhone.Deploy.0 = Release|Any CPU
		{46A470A9-DDAF-491B-94C8-473836FBCC49}.Release|iPhoneSimulator.ActiveCfg = Release|Any CPU
		{46A470A9-DDAF-491B-94C8-473836FBCC49}.Release|iPhoneSimulator.Build.0 = Release|Any CPU
		{46A470A9-DDAF-491B-94C8-473836FBCC49}.Release|iPhoneSimulator.Deploy.0 = Release|Any CPU
		{46A470A9-DDAF-491B-94C8-473836FBCC49}.Release|x64.ActiveCfg = Release|Any CPU
		{46A470A9-DDAF-491B-94C8-473836FBCC49}.Release|x64.Build.0 = Release|Any CPU
		{46A470A9-DDAF-491B-94C8-473836FBCC49}.Release|x64.Deploy.0 = Release|Any CPU
		{46A470A9-DDAF-491B-94C8-473836FBCC49}.Release|x86.ActiveCfg = Release|Any CPU
		{46A470A9-DDAF-491B-94C8-473836FBCC49}.Release|x86.Build.0 = Release|Any CPU
		{46A470A9-DDAF-491B-94C8-473836FBCC49}.Release|x86.Deploy.0 = Release|Any CPU
		{2E063605-8594-422D-8B78-6B6B6D792A1F}.Debug|Any CPU.ActiveCfg = Debug|Any CPU
		{2E063605-8594-422D-8B78-6B6B6D792A1F}.Debug|Any CPU.Build.0 = Debug|Any CPU
		{2E063605-8594-422D-8B78-6B6B6D792A1F}.Debug|ARM.ActiveCfg = Debug|Any CPU
		{2E063605-8594-422D-8B78-6B6B6D792A1F}.Debug|ARM.Build.0 = Debug|Any CPU
		{2E063605-8594-422D-8B78-6B6B6D792A1F}.Debug|iPhone.ActiveCfg = Debug|Any CPU
		{2E063605-8594-422D-8B78-6B6B6D792A1F}.Debug|iPhone.Build.0 = Debug|Any CPU
		{2E063605-8594-422D-8B78-6B6B6D792A1F}.Debug|iPhoneSimulator.ActiveCfg = Debug|Any CPU
		{2E063605-8594-422D-8B78-6B6B6D792A1F}.Debug|iPhoneSimulator.Build.0 = Debug|Any CPU
		{2E063605-8594-422D-8B78-6B6B6D792A1F}.Debug|x64.ActiveCfg = Debug|Any CPU
		{2E063605-8594-422D-8B78-6B6B6D792A1F}.Debug|x64.Build.0 = Debug|Any CPU
		{2E063605-8594-422D-8B78-6B6B6D792A1F}.Debug|x86.ActiveCfg = Debug|Any CPU
		{2E063605-8594-422D-8B78-6B6B6D792A1F}.Debug|x86.Build.0 = Debug|Any CPU
		{2E063605-8594-422D-8B78-6B6B6D792A1F}.Release|Any CPU.ActiveCfg = Release|Any CPU
		{2E063605-8594-422D-8B78-6B6B6D792A1F}.Release|Any CPU.Build.0 = Release|Any CPU
		{2E063605-8594-422D-8B78-6B6B6D792A1F}.Release|ARM.ActiveCfg = Release|Any CPU
		{2E063605-8594-422D-8B78-6B6B6D792A1F}.Release|ARM.Build.0 = Release|Any CPU
		{2E063605-8594-422D-8B78-6B6B6D792A1F}.Release|iPhone.ActiveCfg = Release|Any CPU
		{2E063605-8594-422D-8B78-6B6B6D792A1F}.Release|iPhone.Build.0 = Release|Any CPU
		{2E063605-8594-422D-8B78-6B6B6D792A1F}.Release|iPhoneSimulator.ActiveCfg = Release|Any CPU
		{2E063605-8594-422D-8B78-6B6B6D792A1F}.Release|iPhoneSimulator.Build.0 = Release|Any CPU
		{2E063605-8594-422D-8B78-6B6B6D792A1F}.Release|x64.ActiveCfg = Release|Any CPU
		{2E063605-8594-422D-8B78-6B6B6D792A1F}.Release|x64.Build.0 = Release|Any CPU
		{2E063605-8594-422D-8B78-6B6B6D792A1F}.Release|x86.ActiveCfg = Release|Any CPU
		{2E063605-8594-422D-8B78-6B6B6D792A1F}.Release|x86.Build.0 = Release|Any CPU
	EndGlobalSection
	GlobalSection(SolutionProperties) = preSolution
		HideSolutionNode = FALSE
	EndGlobalSection
	GlobalSection(ExtensibilityGlobals) = postSolution
		SolutionGuid = {5B51AE3A-6185-4AA9-97DB-31C3D7FDC058}
	EndGlobalSection
EndGlobal
